
Microsoft Visual Studio Solution File, Format Version 12.00
# Visual Studio Version 16
VisualStudioVersion = 16.0.31005.135
MinimumVisualStudioVersion = 10.0.40219.1
Project("{FAE04EC0-301F-11D3-BF4B-00C04F79EFBC}") = "Umbraco.RedirectManager", "Umbraco.RedirectManager\Umbraco.RedirectManager.csproj", "{F8E501E0-BC5E-413F-AF3F-502C45AE1C84}"
EndProject
Global
	GlobalSection(SolutionConfigurationPlatforms) = preSolution
		Debug|Any CPU = Debug|Any CPU
		Release|Any CPU = Release|Any CPU
	EndGlobalSection
	GlobalSection(ProjectConfigurationPlatforms) = postSolution
		{F8E501E0-BC5E-413F-AF3F-502C45AE1C84}.Debug|Any CPU.ActiveCfg = Debug|Any CPU
		{F8E501E0-BC5E-413F-AF3F-502C45AE1C84}.Debug|Any CPU.Build.0 = Debug|Any CPU
		{F8E501E0-BC5E-413F-AF3F-502C45AE1C84}.Release|Any CPU.ActiveCfg = Release|Any CPU
		{F8E501E0-BC5E-413F-AF3F-502C45AE1C84}.Release|Any CPU.Build.0 = Release|Any CPU
	EndGlobalSection
	GlobalSection(SolutionProperties) = preSolution
		HideSolutionNode = FALSE
	EndGlobalSection
	GlobalSection(ExtensibilityGlobals) = postSolution
		SolutionGuid = {F82BB114-C18B-4071-8EE4-8342640456A7}
	EndGlobalSection
EndGlobal
